
Microsoft Visual Studio Solution File, Format Version 12.00
# Visual Studio 15
Project("{FAE04EC0-301F-11D3-BF4B-00C04F79EFBC}") = "Unity.Multiplayer.Center.Editor", "Unity.Multiplayer.Center.Editor.csproj", "{2A9500AC-A018-7699-D190-D74D78787FC5}"
EndProject
Project("{FAE04EC0-301F-11D3-BF4B-00C04F79EFBC}") = "UnityEngine.UI", "UnityEngine.UI.csproj", "{CCB2FBF3-D36A-22C8-3D3C-3564FAE329B8}"
EndProject
Project("{FAE04EC0-301F-11D3-BF4B-00C04F79EFBC}") = "Unity.TextMeshPro.Editor", "Unity.TextMeshPro.Editor.csproj", "{F2B18767-EBF0-0272-47AA-CED2EF7A89A2}"
EndProject
Project("{FAE04EC0-301F-11D3-BF4B-00C04F79EFBC}") = "UnityEditor.UI", "UnityEditor.UI.csproj", "{05EC32FF-2307-CA41-C16D-E4A5F0B1E2BB}"
EndProject
Project("{FAE04EC0-301F-11D3-BF4B-00C04F79EFBC}") = "Unity.TextMeshPro", "Unity.TextMeshPro.csproj", "{AE322480-0222-08AB-1579-C957CD978D20}"
EndProject
Project("{FAE04EC0-301F-11D3-BF4B-00C04F79EFBC}") = "Unity.Multiplayer.Center.Common", "Unity.Multiplayer.Center.Common.csproj", "{42F61C02-8855-312E-EFBB-0B10C9756466}"
EndProject
Project("{FAE04EC0-301F-11D3-BF4B-00C04F79EFBC}") = "Assembly-CSharp", "Assembly-CSharp.csproj", "{79F13ED2-349F-42C5-8DD7-9CFFFA42DAE7}"
EndProject
Global
	GlobalSection(SolutionConfigurationPlatforms) = preSolution
		Debug|Any CPU = Debug|Any CPU
		Release|Any CPU = Release|Any CPU
	EndGlobalSection
	GlobalSection(ProjectConfigurationPlatforms) = postSolution
		{2A9500AC-A018-7699-D190-D74D78787FC5}.Debug|Any CPU.ActiveCfg = Debug|Any CPU
		{2A9500AC-A018-7699-D190-D74D78787FC5}.Debug|Any CPU.Build.0 = Debug|Any CPU
		{2A9500AC-A018-7699-D190-D74D78787FC5}.Release|Any CPU.ActiveCfg = Release|Any CPU
		{2A9500AC-A018-7699-D190-D74D78787FC5}.Release|Any CPU.Build.0 = Release|Any CPU
		{CCB2FBF3-D36A-22C8-3D3C-3564FAE329B8}.Debug|Any CPU.ActiveCfg = Debug|Any CPU
		{CCB2FBF3-D36A-22C8-3D3C-3564FAE329B8}.Debug|Any CPU.Build.0 = Debug|Any CPU
		{CCB2FBF3-D36A-22C8-3D3C-3564FAE329B8}.Release|Any CPU.ActiveCfg = Release|Any CPU
		{CCB2FBF3-D36A-22C8-3D3C-3564FAE329B8}.Release|Any CPU.Build.0 = Release|Any CPU
		{F2B18767-EBF0-0272-47AA-CED2EF7A89A2}.Debug|Any CPU.ActiveCfg = Debug|Any CPU
		{F2B18767-EBF0-0272-47AA-CED2EF7A89A2}.Debug|Any CPU.Build.0 = Debug|Any CPU
		{F2B18767-EBF0-0272-47AA-CED2EF7A89A2}.Release|Any CPU.ActiveCfg = Release|Any CPU
		{F2B18767-EBF0-0272-47AA-CED2EF7A89A2}.Release|Any CPU.Build.0 = Release|Any CPU
		{05EC32FF-2307-CA41-C16D-E4A5F0B1E2BB}.Debug|Any CPU.ActiveCfg = Debug|Any CPU
		{05EC32FF-2307-CA41-C16D-E4A5F0B1E2BB}.Debug|Any CPU.Build.0 = Debug|Any CPU
		{05EC32FF-2307-CA41-C16D-E4A5F0B1E2BB}.Release|Any CPU.ActiveCfg = Release|Any CPU
		{05EC32FF-2307-CA41-C16D-E4A5F0B1E2BB}.Release|Any CPU.Build.0 = Release|Any CPU
		{AE322480-0222-08AB-1579-C957CD978D20}.Debug|Any CPU.ActiveCfg = Debug|Any CPU
		{AE322480-0222-08AB-1579-C957CD978D20}.Debug|Any CPU.Build.0 = Debug|Any CPU
		{AE322480-0222-08AB-1579-C957CD978D20}.Release|Any CPU.ActiveCfg = Release|Any CPU
		{AE322480-0222-08AB-1579-C957CD978D20}.Release|Any CPU.Build.0 = Release|Any CPU
		{42F61C02-8855-312E-EFBB-0B10C9756466}.Debug|Any CPU.ActiveCfg = Debug|Any CPU
		{42F61C02-8855-312E-EFBB-0B10C9756466}.Debug|Any CPU.Build.0 = Debug|Any CPU
		{42F61C02-8855-312E-EFBB-0B10C9756466}.Release|Any CPU.ActiveCfg = Release|Any CPU
		{42F61C02-8855-312E-EFBB-0B10C9756466}.Release|Any CPU.Build.0 = Release|Any CPU
		{79F13ED2-349F-42C5-8DD7-9CFFFA42DAE7}.Debug|Any CPU.ActiveCfg = Debug|Any CPU
		{79F13ED2-349F-42C5-8DD7-9CFFFA42DAE7}.Debug|Any CPU.Build.0 = Debug|Any CPU
		{79F13ED2-349F-42C5-8DD7-9CFFFA42DAE7}.Release|Any CPU.ActiveCfg = Release|Any CPU
		{79F13ED2-349F-42C5-8DD7-9CFFFA42DAE7}.Release|Any CPU.Build.0 = Release|Any CPU
	EndGlobalSection
	GlobalSection(SolutionProperties) = preSolution
		HideSolutionNode = FALSE
	EndGlobalSection
EndGlobal
